
Microsoft Visual Studio Solution File, Format Version 12.00
# Visual Studio 2012
Project("{2150E333-8FDC-42A3-9474-1A3956D46DE8}") = "Bundles", "Bundles", "{24384D2B-B6C0-47A8-868F-4F258641B445}"
EndProject
Project("{2150E333-8FDC-42A3-9474-1A3956D46DE8}") = ".nuget", ".nuget", "{626AFC94-E783-4E14-86F6-0BC329EDAEA9}"
	ProjectSection(SolutionItems) = preProject
		.nuget\packages.config = .nuget\packages.config
	EndProjectSection
EndProject
Project("{2150E333-8FDC-42A3-9474-1A3956D46DE8}") = "Hosts", "Hosts", "{FDDE777A-0274-47A5-9210-2BEB960F4ACB}"
EndProject
Project("{FAE04EC0-301F-11D3-BF4B-00C04F79EFBC}") = "Custom.BizKit.Office", "Custom.BizKit.Office\Custom.BizKit.Office.csproj", "{11CBD151-137A-4FEA-8451-CF1B925D8963}"
EndProject
Project("{FAE04EC0-301F-11D3-BF4B-00C04F79EFBC}") = "Custom.BizKit.Common", "Custom.BizKit.Common\Custom.BizKit.Common.csproj", "{ED7A2796-8B38-4FD6-8D87-27BD8AEE9C18}"
EndProject
Project("{FAE04EC0-301F-11D3-BF4B-00C04F79EFBC}") = "Custom.WebKit.Common", "Custom.WebKit.Common\Custom.WebKit.Common.csproj", "{11A7E577-51D5-498A-9D2D-E70579CFD267}"
EndProject
Project("{FAE04EC0-301F-11D3-BF4B-00C04F79EFBC}") = "Custom.WebApp.easeaccess.biz", "Custom.WebApp.easeaccess.biz\Custom.WebApp.easeaccess.biz.csproj", "{5DB371FA-FD50-44E7-B555-51612C0905D2}"
EndProject
Project("{FAE04EC0-301F-11D3-BF4B-00C04F79EFBC}") = "USTA - ExtJs.Content", "USTA - ExtJs.Content\USTA - ExtJs.Content.csproj", "{90BCA656-B69F-4330-AAC5-83824937E57C}"
EndProject
Project("{2150E333-8FDC-42A3-9474-1A3956D46DE8}") = "Scripts", "Scripts", "{4F5CC08C-9553-4AB6-934D-C120C61F7633}"
EndProject
Project("{FAE04EC0-301F-11D3-BF4B-00C04F79EFBC}") = "Custom.JsExt.Administration", "Custom.JsExt.Administration\Custom.JsExt.Administration.csproj", "{B0E12F62-4E57-44D4-A37B-EBFFCE9283D9}"
EndProject
Project("{FAE04EC0-301F-11D3-BF4B-00C04F79EFBC}") = "Custom.JsLib.ExtJS", "Custom.JsLib.ExtJS\Custom.JsLib.ExtJS.csproj", "{DB31C3B0-4714-4B81-BB44-C22EBDFEABE1}"
EndProject
Project("{FAE04EC0-301F-11D3-BF4B-00C04F79EFBC}") = "Custom.JsUtil.ExtJS2ScriptSharp", "Custom.JsUtil.ExtJS2ScriptSharp\Custom.JsUtil.ExtJS2ScriptSharp.csproj", "{52F2815E-9B60-4C30-959A-92062CB19356}"
EndProject
Project("{FAE04EC0-301F-11D3-BF4B-00C04F79EFBC}") = "Custom.JsLib.Base", "Custom.JsLib.Base\Custom.JsLib.Base.csproj", "{539A9FA0-C3A7-40C6-967B-B03B3238AB94}"
EndProject
Project("{FAE04EC0-301F-11D3-BF4B-00C04F79EFBC}") = "Custom.JsLib.Internal", "Custom.JsLib.Internal\Custom.JsLib.Internal.csproj", "{E20EDF21-BC01-4243-B5FE-1274B0E7B89A}"
EndProject
Project("{FAE04EC0-301F-11D3-BF4B-00C04F79EFBC}") = "Custom.WebApp.Internal", "Custom.WebApp.Internal\Custom.WebApp.Internal.csproj", "{5DDBC760-D474-404B-9979-0517FA023CCC}"
EndProject
Project("{FAE04EC0-301F-11D3-BF4B-00C04F79EFBC}") = "Custom.WebTests", "Custom.WebTests\Custom.WebTests.csproj", "{8AC37C7D-7C0C-46A5-8F28-1345806251D8}"
EndProject
Project("{FAE04EC0-301F-11D3-BF4B-00C04F79EFBC}") = "Custom.WebApp.Public", "Custom.WebApp.Public\Custom.WebApp.Public.csproj", "{BA2502E5-0DB9-4903-8F69-C20E53D74EA4}"
EndProject
Project("{FAE04EC0-301F-11D3-BF4B-00C04F79EFBC}") = "Custom.WebKit.ExtJS", "Custom.WebKit.ExtJS\Custom.WebKit.ExtJS.csproj", "{F3D660FA-5725-4AF1-8DAD-3043EB34A524}"
EndProject
Project("{FAE04EC0-301F-11D3-BF4B-00C04F79EFBC}") = "Custom", "Custom\Custom.csproj", "{525920AB-255C-4523-88EE-374A20C05BFE}"
EndProject
Global
	GlobalSection(SolutionConfigurationPlatforms) = preSolution
		Debug|Any CPU = Debug|Any CPU
		Release|Any CPU = Release|Any CPU
	EndGlobalSection
	GlobalSection(ProjectConfigurationPlatforms) = postSolution
		{11CBD151-137A-4FEA-8451-CF1B925D8963}.Debug|Any CPU.ActiveCfg = Debug|Any CPU
		{11CBD151-137A-4FEA-8451-CF1B925D8963}.Debug|Any CPU.Build.0 = Debug|Any CPU
		{11CBD151-137A-4FEA-8451-CF1B925D8963}.Release|Any CPU.ActiveCfg = Release|Any CPU
		{11CBD151-137A-4FEA-8451-CF1B925D8963}.Release|Any CPU.Build.0 = Release|Any CPU
		{ED7A2796-8B38-4FD6-8D87-27BD8AEE9C18}.Debug|Any CPU.ActiveCfg = Debug|Any CPU
		{ED7A2796-8B38-4FD6-8D87-27BD8AEE9C18}.Debug|Any CPU.Build.0 = Debug|Any CPU
		{ED7A2796-8B38-4FD6-8D87-27BD8AEE9C18}.Release|Any CPU.ActiveCfg = Release|Any CPU
		{ED7A2796-8B38-4FD6-8D87-27BD8AEE9C18}.Release|Any CPU.Build.0 = Release|Any CPU
		{11A7E577-51D5-498A-9D2D-E70579CFD267}.Debug|Any CPU.ActiveCfg = Debug|Any CPU
		{11A7E577-51D5-498A-9D2D-E70579CFD267}.Debug|Any CPU.Build.0 = Debug|Any CPU
		{11A7E577-51D5-498A-9D2D-E70579CFD267}.Release|Any CPU.ActiveCfg = Release|Any CPU
		{11A7E577-51D5-498A-9D2D-E70579CFD267}.Release|Any CPU.Build.0 = Release|Any CPU
		{5DB371FA-FD50-44E7-B555-51612C0905D2}.Debug|Any CPU.ActiveCfg = Debug|Any CPU
		{5DB371FA-FD50-44E7-B555-51612C0905D2}.Debug|Any CPU.Build.0 = Debug|Any CPU
		{5DB371FA-FD50-44E7-B555-51612C0905D2}.Release|Any CPU.ActiveCfg = Release|Any CPU
		{5DB371FA-FD50-44E7-B555-51612C0905D2}.Release|Any CPU.Build.0 = Release|Any CPU
		{90BCA656-B69F-4330-AAC5-83824937E57C}.Debug|Any CPU.ActiveCfg = Debug|Any CPU
		{90BCA656-B69F-4330-AAC5-83824937E57C}.Debug|Any CPU.Build.0 = Debug|Any CPU
		{90BCA656-B69F-4330-AAC5-83824937E57C}.Release|Any CPU.ActiveCfg = Release|Any CPU
		{90BCA656-B69F-4330-AAC5-83824937E57C}.Release|Any CPU.Build.0 = Release|Any CPU
		{B0E12F62-4E57-44D4-A37B-EBFFCE9283D9}.Debug|Any CPU.ActiveCfg = Debug|Any CPU
		{B0E12F62-4E57-44D4-A37B-EBFFCE9283D9}.Debug|Any CPU.Build.0 = Debug|Any CPU
		{B0E12F62-4E57-44D4-A37B-EBFFCE9283D9}.Release|Any CPU.ActiveCfg = Release|Any CPU
		{B0E12F62-4E57-44D4-A37B-EBFFCE9283D9}.Release|Any CPU.Build.0 = Release|Any CPU
		{DB31C3B0-4714-4B81-BB44-C22EBDFEABE1}.Debug|Any CPU.ActiveCfg = Debug|Any CPU
		{DB31C3B0-4714-4B81-BB44-C22EBDFEABE1}.Debug|Any CPU.Build.0 = Debug|Any CPU
		{DB31C3B0-4714-4B81-BB44-C22EBDFEABE1}.Release|Any CPU.ActiveCfg = Release|Any CPU
		{DB31C3B0-4714-4B81-BB44-C22EBDFEABE1}.Release|Any CPU.Build.0 = Release|Any CPU
		{52F2815E-9B60-4C30-959A-92062CB19356}.Debug|Any CPU.ActiveCfg = Debug|Any CPU
		{52F2815E-9B60-4C30-959A-92062CB19356}.Debug|Any CPU.Build.0 = Debug|Any CPU
		{52F2815E-9B60-4C30-959A-92062CB19356}.Release|Any CPU.ActiveCfg = Release|Any CPU
		{52F2815E-9B60-4C30-959A-92062CB19356}.Release|Any CPU.Build.0 = Release|Any CPU
		{539A9FA0-C3A7-40C6-967B-B03B3238AB94}.Debug|Any CPU.ActiveCfg = Debug|Any CPU
		{539A9FA0-C3A7-40C6-967B-B03B3238AB94}.Debug|Any CPU.Build.0 = Debug|Any CPU
		{539A9FA0-C3A7-40C6-967B-B03B3238AB94}.Release|Any CPU.ActiveCfg = Release|Any CPU
		{539A9FA0-C3A7-40C6-967B-B03B3238AB94}.Release|Any CPU.Build.0 = Release|Any CPU
		{E20EDF21-BC01-4243-B5FE-1274B0E7B89A}.Debug|Any CPU.ActiveCfg = Debug|Any CPU
		{E20EDF21-BC01-4243-B5FE-1274B0E7B89A}.Debug|Any CPU.Build.0 = Debug|Any CPU
		{E20EDF21-BC01-4243-B5FE-1274B0E7B89A}.Release|Any CPU.ActiveCfg = Release|Any CPU
		{E20EDF21-BC01-4243-B5FE-1274B0E7B89A}.Release|Any CPU.Build.0 = Release|Any CPU
		{5DDBC760-D474-404B-9979-0517FA023CCC}.Debug|Any CPU.ActiveCfg = Debug|Any CPU
		{5DDBC760-D474-404B-9979-0517FA023CCC}.Debug|Any CPU.Build.0 = Debug|Any CPU
		{5DDBC760-D474-404B-9979-0517FA023CCC}.Release|Any CPU.ActiveCfg = Release|Any CPU
		{5DDBC760-D474-404B-9979-0517FA023CCC}.Release|Any CPU.Build.0 = Release|Any CPU
		{8AC37C7D-7C0C-46A5-8F28-1345806251D8}.Debug|Any CPU.ActiveCfg = Debug|Any CPU
		{8AC37C7D-7C0C-46A5-8F28-1345806251D8}.Debug|Any CPU.Build.0 = Debug|Any CPU
		{8AC37C7D-7C0C-46A5-8F28-1345806251D8}.Release|Any CPU.ActiveCfg = Release|Any CPU
		{8AC37C7D-7C0C-46A5-8F28-1345806251D8}.Release|Any CPU.Build.0 = Release|Any CPU
		{BA2502E5-0DB9-4903-8F69-C20E53D74EA4}.Debug|Any CPU.ActiveCfg = Debug|Any CPU
		{BA2502E5-0DB9-4903-8F69-C20E53D74EA4}.Debug|Any CPU.Build.0 = Debug|Any CPU
		{BA2502E5-0DB9-4903-8F69-C20E53D74EA4}.Release|Any CPU.ActiveCfg = Release|Any CPU
		{BA2502E5-0DB9-4903-8F69-C20E53D74EA4}.Release|Any CPU.Build.0 = Release|Any CPU
		{F3D660FA-5725-4AF1-8DAD-3043EB34A524}.Debug|Any CPU.ActiveCfg = Debug|Any CPU
		{F3D660FA-5725-4AF1-8DAD-3043EB34A524}.Debug|Any CPU.Build.0 = Debug|Any CPU
		{F3D660FA-5725-4AF1-8DAD-3043EB34A524}.Release|Any CPU.ActiveCfg = Release|Any CPU
		{F3D660FA-5725-4AF1-8DAD-3043EB34A524}.Release|Any CPU.Build.0 = Release|Any CPU
		{525920AB-255C-4523-88EE-374A20C05BFE}.Debug|Any CPU.ActiveCfg = Debug|Any CPU
		{525920AB-255C-4523-88EE-374A20C05BFE}.Debug|Any CPU.Build.0 = Debug|Any CPU
		{525920AB-255C-4523-88EE-374A20C05BFE}.Release|Any CPU.ActiveCfg = Release|Any CPU
		{525920AB-255C-4523-88EE-374A20C05BFE}.Release|Any CPU.Build.0 = Release|Any CPU
	EndGlobalSection
	GlobalSection(SolutionProperties) = preSolution
		HideSolutionNode = FALSE
	EndGlobalSection
	GlobalSection(NestedProjects) = preSolution
		{11CBD151-137A-4FEA-8451-CF1B925D8963} = {24384D2B-B6C0-47A8-868F-4F258641B445}
		{ED7A2796-8B38-4FD6-8D87-27BD8AEE9C18} = {24384D2B-B6C0-47A8-868F-4F258641B445}
		{11A7E577-51D5-498A-9D2D-E70579CFD267} = {24384D2B-B6C0-47A8-868F-4F258641B445}
		{F3D660FA-5725-4AF1-8DAD-3043EB34A524} = {24384D2B-B6C0-47A8-868F-4F258641B445}
		{5DB371FA-FD50-44E7-B555-51612C0905D2} = {FDDE777A-0274-47A5-9210-2BEB960F4ACB}
		{90BCA656-B69F-4330-AAC5-83824937E57C} = {FDDE777A-0274-47A5-9210-2BEB960F4ACB}
		{5DDBC760-D474-404B-9979-0517FA023CCC} = {FDDE777A-0274-47A5-9210-2BEB960F4ACB}
		{8AC37C7D-7C0C-46A5-8F28-1345806251D8} = {FDDE777A-0274-47A5-9210-2BEB960F4ACB}
		{BA2502E5-0DB9-4903-8F69-C20E53D74EA4} = {FDDE777A-0274-47A5-9210-2BEB960F4ACB}
		{525920AB-255C-4523-88EE-374A20C05BFE} = {FDDE777A-0274-47A5-9210-2BEB960F4ACB}
		{B0E12F62-4E57-44D4-A37B-EBFFCE9283D9} = {4F5CC08C-9553-4AB6-934D-C120C61F7633}
		{DB31C3B0-4714-4B81-BB44-C22EBDFEABE1} = {4F5CC08C-9553-4AB6-934D-C120C61F7633}
		{52F2815E-9B60-4C30-959A-92062CB19356} = {4F5CC08C-9553-4AB6-934D-C120C61F7633}
		{539A9FA0-C3A7-40C6-967B-B03B3238AB94} = {4F5CC08C-9553-4AB6-934D-C120C61F7633}
		{E20EDF21-BC01-4243-B5FE-1274B0E7B89A} = {4F5CC08C-9553-4AB6-934D-C120C61F7633}
	EndGlobalSection
EndGlobal
