
Microsoft Visual Studio Solution File, Format Version 12.00
# Visual Studio 2012
Project("{FAE04EC0-301F-11D3-BF4B-00C04F79EFBC}") = "Customary", "Customary\Customary.csproj", "{EFC941D6-4A16-4A80-8842-CAF4E1F9CE7A}"
EndProject
Project("{FAE04EC0-301F-11D3-BF4B-00C04F79EFBC}") = "Customary.Tests", "Customary.Tests\Customary.Tests.csproj", "{974F7939-D4D2-431E-8EC4-0E425FB1AC83}"
EndProject
Project("{FAE04EC0-301F-11D3-BF4B-00C04F79EFBC}") = "Custom", "Custom\Custom.csproj", "{525920AB-255C-4523-88EE-374A20C05BFE}"
EndProject
Global
	GlobalSection(SolutionConfigurationPlatforms) = preSolution
		Debug|Any CPU = Debug|Any CPU
		Release|Any CPU = Release|Any CPU
	EndGlobalSection
	GlobalSection(ProjectConfigurationPlatforms) = postSolution
		{EFC941D6-4A16-4A80-8842-CAF4E1F9CE7A}.Debug|Any CPU.ActiveCfg = Debug|Any CPU
		{EFC941D6-4A16-4A80-8842-CAF4E1F9CE7A}.Debug|Any CPU.Build.0 = Debug|Any CPU
		{EFC941D6-4A16-4A80-8842-CAF4E1F9CE7A}.Release|Any CPU.ActiveCfg = Release|Any CPU
		{EFC941D6-4A16-4A80-8842-CAF4E1F9CE7A}.Release|Any CPU.Build.0 = Release|Any CPU
		{974F7939-D4D2-431E-8EC4-0E425FB1AC83}.Debug|Any CPU.ActiveCfg = Debug|Any CPU
		{974F7939-D4D2-431E-8EC4-0E425FB1AC83}.Debug|Any CPU.Build.0 = Debug|Any CPU
		{974F7939-D4D2-431E-8EC4-0E425FB1AC83}.Release|Any CPU.ActiveCfg = Release|Any CPU
		{974F7939-D4D2-431E-8EC4-0E425FB1AC83}.Release|Any CPU.Build.0 = Release|Any CPU
		{525920AB-255C-4523-88EE-374A20C05BFE}.Debug|Any CPU.ActiveCfg = Debug|Any CPU
		{525920AB-255C-4523-88EE-374A20C05BFE}.Debug|Any CPU.Build.0 = Debug|Any CPU
		{525920AB-255C-4523-88EE-374A20C05BFE}.Release|Any CPU.ActiveCfg = Release|Any CPU
		{525920AB-255C-4523-88EE-374A20C05BFE}.Release|Any CPU.Build.0 = Release|Any CPU
	EndGlobalSection
	GlobalSection(SolutionProperties) = preSolution
		HideSolutionNode = FALSE
	EndGlobalSection
EndGlobal
